
Microsoft Visual Studio Solution File, Format Version 12.00
# Visual Studio Version 16
VisualStudioVersion = 16.0.30907.101
MinimumVisualStudioVersion = 10.0.40219.1
Project("{FAE04EC0-301F-11D3-BF4B-00C04F79EFBC}") = "Final_Task", "Final_Task\Final_Task.csproj", "{126F111F-3F72-4D72-96CA-38B584336B47}"
EndProject
Global
	GlobalSection(SolutionConfigurationPlatforms) = preSolution
		Debug|Any CPU = Debug|Any CPU
		Release|Any CPU = Release|Any CPU
	EndGlobalSection
	GlobalSection(ProjectConfigurationPlatforms) = postSolution
		{126F111F-3F72-4D72-96CA-38B584336B47}.Debug|Any CPU.ActiveCfg = Debug|Any CPU
		{126F111F-3F72-4D72-96CA-38B584336B47}.Debug|Any CPU.Build.0 = Debug|Any CPU
		{126F111F-3F72-4D72-96CA-38B584336B47}.Release|Any CPU.ActiveCfg = Release|Any CPU
		{126F111F-3F72-4D72-96CA-38B584336B47}.Release|Any CPU.Build.0 = Release|Any CPU
	EndGlobalSection
	GlobalSection(SolutionProperties) = preSolution
		HideSolutionNode = FALSE
	EndGlobalSection
	GlobalSection(ExtensibilityGlobals) = postSolution
		SolutionGuid = {82C39A9D-BD47-44E2-956B-7ED4EA9F516D}
	EndGlobalSection
EndGlobal
